{
  "version": 4,
  "terraform_version": "1.8.3",
  "serial": 100,
  "lineage": "3a24ec5b-f894-c40b-9241-6046060c5a9e",
  "outputs": {},
  "resources": [
    {
      "mode": "managed",
      "type": "google_project_iam_member",
      "name": "iam_members",
      "provider": "provider[\"registry.terraform.io/hashicorp/google\"]",
      "instances": [
        {
          "index_key": "0",
          "schema_version": 0,
          "attributes": {
            "condition": [],
            "etag": "BwYaCe5Cgsg=",
            "id": "methodologic-prj-istyle-dev/roles/bigquery.jobUser/user:d.noguchi@methodologic.co.jp",
            "member": "user:d.noguchi@methodologic.co.jp",
            "project": "methodologic-prj-istyle-dev",
            "role": "roles/bigquery.jobUser"
          },
          "sensitive_attributes": [],
          "private": "bnVsbA=="
        },
        {
          "index_key": "1",
          "schema_version": 0,
          "attributes": {
            "condition": [
              {
                "description": "",
                "expression": "resource.matchTag('tag', 'methodologic-prj-istyle-dev/tag_domain/retail') || resource.matchTag('tag', 'methodologic-prj-istyle-dev/tag_domain/dataset')",
                "title": "tag"
              }
            ],
            "etag": "BwYaCeodfEw=",
            "id": "methodologic-prj-istyle-dev/roles/bigquery.admin/user:d.noguchi@methodologic.co.jp/tag//resource.matchTag('tag', 'methodologic-prj-istyle-dev/tag_domain/retail') || resource.matchTag('tag', 'methodologic-prj-istyle-dev/tag_domain/dataset')",
            "member": "user:d.noguchi@methodologic.co.jp",
            "project": "methodologic-prj-istyle-dev",
            "role": "roles/bigquery.admin"
          },
          "sensitive_attributes": [],
          "private": "bnVsbA=="
        },
        {
          "index_key": "2",
          "schema_version": 0,
          "attributes": {
            "condition": [],
            "etag": "BwYaCe5Cgsg=",
            "id": "methodologic-prj-istyle-dev/roles/resourcemanager.projectIamAdmin/user:d.noguchi@methodologic.co.jp",
            "member": "user:d.noguchi@methodologic.co.jp",
            "project": "methodologic-prj-istyle-dev",
            "role": "roles/resourcemanager.projectIamAdmin"
          },
          "sensitive_attributes": [],
          "private": "bnVsbA=="
        },
        {
          "index_key": "3",
          "schema_version": 0,
          "attributes": {
            "condition": [
              {
                "description": "",
                "expression": "resource.name == 'projects/_/buckets/method-istyle-retail-sample1' || resource.name.startsWith('projects/_/buckets/method-istyle-retail-sample1/objects/')",
                "title": "Bucket name"
              }
            ],
            "etag": "BwYaCeodfEw=",
            "id": "methodologic-prj-istyle-dev/roles/storage.admin/user:d.noguchi@methodologic.co.jp/Bucket name//resource.name == 'projects/_/buckets/method-istyle-retail-sample1' || resource.name.startsWith('projects/_/buckets/method-istyle-retail-sample1/objects/')",
            "member": "user:d.noguchi@methodologic.co.jp",
            "project": "methodologic-prj-istyle-dev",
            "role": "roles/storage.admin"
          },
          "sensitive_attributes": [],
          "private": "bnVsbA=="
        },
        {
          "index_key": "4",
          "schema_version": 0,
          "attributes": {
            "condition": [],
            "etag": "BwYaCe26Apc=",
            "id": "methodologic-prj-istyle-dev/roles/resourcemanager.tagViewer/user:d.noguchi@methodologic.co.jp",
            "member": "user:d.noguchi@methodologic.co.jp",
            "project": "methodologic-prj-istyle-dev",
            "role": "roles/resourcemanager.tagViewer"
          },
          "sensitive_attributes": [],
          "private": "bnVsbA=="
        }
      ]
    }
  ],
  "check_results": null
}
